
Microsoft Visual Studio Solution File, Format Version 12.00
# Visual Studio Version 16
VisualStudioVersion = 16.0.31129.286
MinimumVisualStudioVersion = 10.0.40219.1
Project("{8BC9CEB8-8B4A-11D0-8D11-00A0C91BC942}") = "MathClient", "MathClient\MathClient.vcxproj", "{E7E62883-0502-4105-A9FB-93BAFC8E3DC3}"
EndProject
Global
	GlobalSection(SolutionConfigurationPlatforms) = preSolution
		Debug|x64 = Debug|x64
		Debug|x86 = Debug|x86
		Release|x64 = Release|x64
		Release|x86 = Release|x86
	EndGlobalSection
	GlobalSection(ProjectConfigurationPlatforms) = postSolution
		{E7E62883-0502-4105-A9FB-93BAFC8E3DC3}.Debug|x64.ActiveCfg = Debug|x64
		{E7E62883-0502-4105-A9FB-93BAFC8E3DC3}.Debug|x64.Build.0 = Debug|x64
		{E7E62883-0502-4105-A9FB-93BAFC8E3DC3}.Debug|x86.ActiveCfg = Debug|Win32
		{E7E62883-0502-4105-A9FB-93BAFC8E3DC3}.Debug|x86.Build.0 = Debug|Win32
		{E7E62883-0502-4105-A9FB-93BAFC8E3DC3}.Release|x64.ActiveCfg = Release|x64
		{E7E62883-0502-4105-A9FB-93BAFC8E3DC3}.Release|x64.Build.0 = Release|x64
		{E7E62883-0502-4105-A9FB-93BAFC8E3DC3}.Release|x86.ActiveCfg = Release|Win32
		{E7E62883-0502-4105-A9FB-93BAFC8E3DC3}.Release|x86.Build.0 = Release|Win32
	EndGlobalSection
	GlobalSection(SolutionProperties) = preSolution
		HideSolutionNode = FALSE
	EndGlobalSection
	GlobalSection(ExtensibilityGlobals) = postSolution
		SolutionGuid = {873554B3-D42C-46C3-8773-21025FCE03AA}
	EndGlobalSection
EndGlobal
